// !$*UTF8*$!
{
	archiveVersion = 1;
	classes = {
	};
	objectVersion = 48;
	objects = {

/* Begin PBXBuildFile section */
		659DB4571F42123B00426350 /* SwiftUtilityLibMacOS.swift in Sources */ = {isa = PBXBuildFile; fileRef = 659DB4561F42123B00426350 /* SwiftUtilityLibMacOS.swift */; };
		659DB45F1F4212B300426350 /* SwiftUtilityLibMacOSTests.swift in Sources */ = {isa = PBXBuildFile; fileRef = 659DB45E1F4212B300426350 /* SwiftUtilityLibMacOSTests.swift */; };
		659DB4611F4212B300426350 /* libSwiftUtilityLibMacOS.a in Frameworks */ = {isa = PBXBuildFile; fileRef = 659DB44A1F42122400426350 /* libSwiftUtilityLibMacOS.a */; };
/* End PBXBuildFile section */

/* Begin PBXContainerItemProxy section */
		659DB4621F4212B300426350 /* PBXContainerItemProxy */ = {
			isa = PBXContainerItemProxy;
			containerPortal = 659DB4421F42122300426350 /* Project object */;
			proxyType = 1;
			remoteGlobalIDString = 659DB4491F42122400426350;
			remoteInfo = SwiftUtilityLibMacOS;
		};
/* End PBXContainerItemProxy section */

/* Begin PBXFileReference section */
		659DB44A1F42122400426350 /* libSwiftUtilityLibMacOS.a */ = {isa = PBXFileReference; explicitFileType = archive.ar; includeInIndex = 0; path = libSwiftUtilityLibMacOS.a; sourceTree = BUILT_PRODUCTS_DIR; };
		659DB4561F42123B00426350 /* SwiftUtilityLibMacOS.swift */ = {isa = PBXFileReference; lastKnownFileType = sourcecode.swift; path = SwiftUtilityLibMacOS.swift; sourceTree = "<group>"; };
		659DB45C1F4212B300426350 /* SwiftUtilityLibMacOSTests.xctest */ = {isa = PBXFileReference; explicitFileType = wrapper.cfbundle; includeInIndex = 0; path = SwiftUtilityLibMacOSTests.xctest; sourceTree = BUILT_PRODUCTS_DIR; };
		659DB45E1F4212B300426350 /* SwiftUtilityLibMacOSTests.swift */ = {isa = PBXFileReference; lastKnownFileType = sourcecode.swift; path = SwiftUtilityLibMacOSTests.swift; sourceTree = "<group>"; };
		659DB4601F4212B300426350 /* Info.plist */ = {isa = PBXFileReference; lastKnownFileType = text.plist.xml; path = Info.plist; sourceTree = "<group>"; };
/* End PBXFileReference section */

/* Begin PBXFrameworksBuildPhase section */
		659DB4471F42122400426350 /* Frameworks */ = {
			isa = PBXFrameworksBuildPhase;
			buildActionMask = 2147483647;
			files = (
			);
			runOnlyForDeploymentPostprocessing = 0;
		};
		659DB4591F4212B300426350 /* Frameworks */ = {
			isa = PBXFrameworksBuildPhase;
			buildActionMask = 2147483647;
			files = (
				659DB4611F4212B300426350 /* libSwiftUtilityLibMacOS.a in Frameworks */,
			);
			runOnlyForDeploymentPostprocessing = 0;
		};
/* End PBXFrameworksBuildPhase section */

/* Begin PBXGroup section */
		659DB4411F42122300426350 = {
			isa = PBXGroup;
			children = (
				659DB44C1F42122400426350 /* SwiftUtilityLibMacOS */,
				659DB45D1F4212B300426350 /* SwiftUtilityLibMacOSTests */,
				659DB44B1F42122400426350 /* Products */,
			);
			sourceTree = "<group>";
		};
		659DB44B1F42122400426350 /* Products */ = {
			isa = PBXGroup;
			children = (
				659DB44A1F42122400426350 /* libSwiftUtilityLibMacOS.a */,
				659DB45C1F4212B300426350 /* SwiftUtilityLibMacOSTests.xctest */,
			);
			name = Products;
			sourceTree = "<group>";
		};
		659DB44C1F42122400426350 /* SwiftUtilityLibMacOS */ = {
			isa = PBXGroup;
			children = (
				659DB4561F42123B00426350 /* SwiftUtilityLibMacOS.swift */,
			);
			path = SwiftUtilityLibMacOS;
			sourceTree = "<group>";
		};
		659DB45D1F4212B300426350 /* SwiftUtilityLibMacOSTests */ = {
			isa = PBXGroup;
			children = (
				659DB45E1F4212B300426350 /* SwiftUtilityLibMacOSTests.swift */,
				659DB4601F4212B300426350 /* Info.plist */,
			);
			path = SwiftUtilityLibMacOSTests;
			sourceTree = "<group>";
		};
/* End PBXGroup section */

/* Begin PBXHeadersBuildPhase section */
		659DB4481F42122400426350 /* Headers */ = {
			isa = PBXHeadersBuildPhase;
			buildActionMask = 2147483647;
			files = (
			);
			runOnlyForDeploymentPostprocessing = 0;
		};
/* End PBXHeadersBuildPhase section */

/* Begin PBXNativeTarget section */
		659DB4491F42122400426350 /* SwiftUtilityLibMacOS */ = {
			isa = PBXNativeTarget;
			buildConfigurationList = 659DB4531F42122400426350 /* Build configuration list for PBXNativeTarget "SwiftUtilityLibMacOS" */;
			buildPhases = (
				659DB4461F42122400426350 /* Sources */,
				659DB4471F42122400426350 /* Frameworks */,
				659DB4481F42122400426350 /* Headers */,
			);
			buildRules = (
			);
			dependencies = (
			);
			name = SwiftUtilityLibMacOS;
			productName = SwiftUtilityLibMacOS;
			productReference = 659DB44A1F42122400426350 /* libSwiftUtilityLibMacOS.a */;
			productType = "com.apple.product-type.library.static";
		};
		659DB45B1F4212B300426350 /* SwiftUtilityLibMacOSTests */ = {
			isa = PBXNativeTarget;
			buildConfigurationList = 659DB4641F4212B300426350 /* Build configuration list for PBXNativeTarget "SwiftUtilityLibMacOSTests" */;
			buildPhases = (
				659DB4581F4212B300426350 /* Sources */,
				659DB4591F4212B300426350 /* Frameworks */,
				659DB45A1F4212B300426350 /* Resources */,
			);
			buildRules = (
			);
			dependencies = (
				659DB4631F4212B300426350 /* PBXTargetDependency */,
			);
			name = SwiftUtilityLibMacOSTests;
			productName = SwiftUtilityLibMacOSTests;
			productReference = 659DB45C1F4212B300426350 /* SwiftUtilityLibMacOSTests.xctest */;
			productType = "com.apple.product-type.bundle.unit-test";
		};
/* End PBXNativeTarget section */

/* Begin PBXProject section */
		659DB4421F42122300426350 /* Project object */ = {
			isa = PBXProject;
			attributes = {
				LastSwiftUpdateCheck = 0900;
				LastUpgradeCheck = 0900;
				ORGANIZATIONNAME = __TemplateOrgName__;
				TargetAttributes = {
					659DB4491F42122400426350 = {
						CreatedOnToolsVersion = 9.0;
						LastSwiftMigration = 0900;
					};
					659DB45B1F4212B300426350 = {
						CreatedOnToolsVersion = 9.0;
					};
				};
			};
			buildConfigurationList = 659DB4451F42122300426350 /* Build configuration list for PBXProject "SwiftUtilityLibMacOS" */;
			compatibilityVersion = "Xcode 8.0";
			developmentRegion = en;
			hasScannedForEncodings = 0;
			knownRegions = (
				en,
			);
			mainGroup = 659DB4411F42122300426350;
			productRefGroup = 659DB44B1F42122400426350 /* Products */;
			projectDirPath = "";
			projectRoot = "";
			targets = (
				659DB4491F42122400426350 /* SwiftUtilityLibMacOS */,
				659DB45B1F4212B300426350 /* SwiftUtilityLibMacOSTests */,
			);
		};
/* End PBXProject section */

/* Begin PBXResourcesBuildPhase section */
		659DB45A1F4212B300426350 /* Resources */ = {
			isa = PBXResourcesBuildPhase;
			buildActionMask = 2147483647;
			files = (
			);
			runOnlyForDeploymentPostprocessing = 0;
		};
/* End PBXResourcesBuildPhase section */

/* Begin PBXSourcesBuildPhase section */
		659DB4461F42122400426350 /* Sources */ = {
			isa = PBXSourcesBuildPhase;
			buildActionMask = 2147483647;
			files = (
				659DB4571F42123B00426350 /* SwiftUtilityLibMacOS.swift in Sources */,
			);
			runOnlyForDeploymentPostprocessing = 0;
		};
		659DB4581F4212B300426350 /* Sources */ = {
			isa = PBXSourcesBuildPhase;
			buildActionMask = 2147483647;
			files = (
				659DB45F1F4212B300426350 /* SwiftUtilityLibMacOSTests.swift in Sources */,
			);
			runOnlyForDeploymentPostprocessing = 0;
		};
/* End PBXSourcesBuildPhase section */

/* Begin PBXTargetDependency section */
		659DB4631F4212B300426350 /* PBXTargetDependency */ = {
			isa = PBXTargetDependency;
			target = 659DB4491F42122400426350 /* SwiftUtilityLibMacOS */;
			targetProxy = 659DB4621F4212B300426350 /* PBXContainerItemProxy */;
		};
/* End PBXTargetDependency section */

/* Begin XCBuildConfiguration section */
		659DB4511F42122400426350 /* Debug */ = {
			isa = XCBuildConfiguration;
			buildSettings = {
				ALWAYS_SEARCH_USER_PATHS = NO;
				CLANG_ANALYZER_NONNULL = YES;
				CLANG_ANALYZER_NUMBER_OBJECT_CONVERSION = YES_AGGRESSIVE;
				CLANG_CXX_LANGUAGE_STANDARD = "gnu++14";
				CLANG_CXX_LIBRARY = "libc++";
				CLANG_ENABLE_MODULES = YES;
				CLANG_ENABLE_OBJC_ARC = YES;
				CLANG_WARN_BLOCK_CAPTURE_AUTORELEASING = YES;
				CLANG_WARN_BOOL_CONVERSION = YES;
				CLANG_WARN_COMMA = YES;
				CLANG_WARN_CONSTANT_CONVERSION = YES;
				CLANG_WARN_DIRECT_OBJC_ISA_USAGE = YES_ERROR;
				CLANG_WARN_DOCUMENTATION_COMMENTS = YES;
				CLANG_WARN_EMPTY_BODY = YES;
				CLANG_WARN_ENUM_CONVERSION = YES;
				CLANG_WARN_INFINITE_RECURSION = YES;
				CLANG_WARN_INT_CONVERSION = YES;
				CLANG_WARN_NON_LITERAL_NULL_CONVERSION = YES;
				CLANG_WARN_OBJC_LITERAL_CONVERSION = YES;
				CLANG_WARN_OBJC_ROOT_CLASS = YES_ERROR;
				CLANG_WARN_RANGE_LOOP_ANALYSIS = YES;
				CLANG_WARN_STRICT_PROTOTYPES = YES;
				CLANG_WARN_SUSPICIOUS_MOVE = YES;
				CLANG_WARN_UNGUARDED_AVAILABILITY = YES_AGGRESSIVE;
				CLANG_WARN_UNREACHABLE_CODE = YES;
				CLANG_WARN__DUPLICATE_METHOD_MATCH = YES;
				CODE_SIGN_IDENTITY = "-";
				COPY_PHASE_STRIP = NO;
				DEBUG_INFORMATION_FORMAT = dwarf;
				ENABLE_STRICT_OBJC_MSGSEND = YES;
				ENABLE_TESTABILITY = YES;
				GCC_C_LANGUAGE_STANDARD = gnu11;
				GCC_DYNAMIC_NO_PIC = NO;
				GCC_NO_COMMON_BLOCKS = YES;
				GCC_OPTIMIZATION_LEVEL = 0;
				GCC_PREPROCESSOR_DEFINITIONS = (
					"DEBUG=1",
					"$(inherited)",
				);
				GCC_WARN_64_TO_32_BIT_CONVERSION = YES;
				GCC_WARN_ABOUT_RETURN_TYPE = YES_ERROR;
				GCC_WARN_UNDECLARED_SELECTOR = YES;
				GCC_WARN_UNINITIALIZED_AUTOS = YES_AGGRESSIVE;
				GCC_WARN_UNUSED_FUNCTION = YES;
				GCC_WARN_UNUSED_VARIABLE = YES;
				MACOSX_DEPLOYMENT_TARGET = 10.12;
				MTL_ENABLE_DEBUG_INFO = YES;
				ONLY_ACTIVE_ARCH = YES;
				SDKROOT = macosx;
			};
			name = Debug;
		};
		659DB4521F42122400426350 /* Release */ = {
			isa = XCBuildConfiguration;
			buildSettings = {
				ALWAYS_SEARCH_USER_PATHS = NO;
				CLANG_ANALYZER_NONNULL = YES;
				CLANG_ANALYZER_NUMBER_OBJECT_CONVERSION = YES_AGGRESSIVE;
				CLANG_CXX_LANGUAGE_STANDARD = "gnu++14";
				CLANG_CXX_LIBRARY = "libc++";
				CLANG_ENABLE_MODULES = YES;
				CLANG_ENABLE_OBJC_ARC = YES;
				CLANG_WARN_BLOCK_CAPTURE_AUTORELEASING = YES;
				CLANG_WARN_BOOL_CONVERSION = YES;
				CLANG_WARN_COMMA = YES;
				CLANG_WARN_CONSTANT_CONVERSION = YES;
				CLANG_WARN_DIRECT_OBJC_ISA_USAGE = YES_ERROR;
				CLANG_WARN_DOCUMENTATION_COMMENTS = YES;
				CLANG_WARN_EMPTY_BODY = YES;
				CLANG_WARN_ENUM_CONVERSION = YES;
				CLANG_WARN_INFINITE_RECURSION = YES;
				CLANG_WARN_INT_CONVERSION = YES;
				CLANG_WARN_NON_LITERAL_NULL_CONVERSION = YES;
				CLANG_WARN_OBJC_LITERAL_CONVERSION = YES;
				CLANG_WARN_OBJC_ROOT_CLASS = YES_ERROR;
				CLANG_WARN_RANGE_LOOP_ANALYSIS = YES;
				CLANG_WARN_STRICT_PROTOTYPES = YES;
				CLANG_WARN_SUSPICIOUS_MOVE = YES;
				CLANG_WARN_UNGUARDED_AVAILABILITY = YES_AGGRESSIVE;
				CLANG_WARN_UNREACHABLE_CODE = YES;
				CLANG_WARN__DUPLICATE_METHOD_MATCH = YES;
				CODE_SIGN_IDENTITY = "-";
				COPY_PHASE_STRIP = NO;
				DEBUG_INFORMATION_FORMAT = "dwarf-with-dsym";
				ENABLE_NS_ASSERTIONS = NO;
				ENABLE_STRICT_OBJC_MSGSEND = YES;
				GCC_C_LANGUAGE_STANDARD = gnu11;
				GCC_NO_COMMON_BLOCKS = YES;
				GCC_WARN_64_TO_32_BIT_CONVERSION = YES;
				GCC_WARN_ABOUT_RETURN_TYPE = YES_ERROR;
				GCC_WARN_UNDECLARED_SELECTOR = YES;
				GCC_WARN_UNINITIALIZED_AUTOS = YES_AGGRESSIVE;
				GCC_WARN_UNUSED_FUNCTION = YES;
				GCC_WARN_UNUSED_VARIABLE = YES;
				MACOSX_DEPLOYMENT_TARGET = 10.12;
				MTL_ENABLE_DEBUG_INFO = NO;
				SDKROOT = macosx;
			};
			name = Release;
		};
		659DB4541F42122400426350 /* Debug */ = {
			isa = XCBuildConfiguration;
			buildSettings = {
				CLANG_ENABLE_MODULES = YES;
				EXECUTABLE_PREFIX = lib;
				LD_RUNPATH_SEARCH_PATHS = "$(inherited) @executable_path/../Frameworks @loader_path/../Frameworks";
				PRODUCT_NAME = "$(TARGET_NAME)";
				SWIFT_OPTIMIZATION_LEVEL = "-Onone";
				SWIFT_VERSION = 3.0;
			};
			name = Debug;
		};
		659DB4551F42122400426350 /* Release */ = {
			isa = XCBuildConfiguration;
			buildSettings = {
				CLANG_ENABLE_MODULES = YES;
				EXECUTABLE_PREFIX = lib;
				LD_RUNPATH_SEARCH_PATHS = "$(inherited) @executable_path/../Frameworks @loader_path/../Frameworks";
				PRODUCT_NAME = "$(TARGET_NAME)";
				SWIFT_VERSION = 3.0;
			};
			name = Release;
		};
		659DB4651F4212B300426350 /* Debug */ = {
			isa = XCBuildConfiguration;
			buildSettings = {
				COMBINE_HIDPI_IMAGES = YES;
				INFOPLIST_FILE = SwiftUtilityLibMacOSTests/Info.plist;
				LD_RUNPATH_SEARCH_PATHS = "$(inherited) @executable_path/../Frameworks @loader_path/../Frameworks";
				PRODUCT_BUNDLE_IDENTIFIER = "com.--templateorgname--.SwiftUtilityLibMacOSTests";
				PRODUCT_NAME = "$(TARGET_NAME)";
				SWIFT_ACTIVE_COMPILATION_CONDITIONS = DEBUG;
				SWIFT_OPTIMIZATION_LEVEL = "-Onone";
				SWIFT_VERSION = 4.0;
			};
			name = Debug;
		};
		659DB4661F4212B300426350 /* Release */ = {
			isa = XCBuildConfiguration;
			buildSettings = {
				COMBINE_HIDPI_IMAGES = YES;
				INFOPLIST_FILE = SwiftUtilityLibMacOSTests/Info.plist;
				LD_RUNPATH_SEARCH_PATHS = "$(inherited) @executable_path/../Frameworks @loader_path/../Frameworks";
				PRODUCT_BUNDLE_IDENTIFIER = "com.--templateorgname--.SwiftUtilityLibMacOSTests";
				PRODUCT_NAME = "$(TARGET_NAME)";
				SWIFT_OPTIMIZATION_LEVEL = "-Owholemodule";
				SWIFT_VERSION = 4.0;
			};
			name = Release;
		};
/* End XCBuildConfiguration section */

/* Begin XCConfigurationList section */
		659DB4451F42122300426350 /* Build configuration list for PBXProject "SwiftUtilityLibMacOS" */ = {
			isa = XCConfigurationList;
			buildConfigurations = (
				659DB4511F42122400426350 /* Debug */,
				659DB4521F42122400426350 /* Release */,
			);
			defaultConfigurationIsVisible = 0;
			defaultConfigurationName = Release;
		};
		659DB4531F42122400426350 /* Build configuration list for PBXNativeTarget "SwiftUtilityLibMacOS" */ = {
			isa = XCConfigurationList;
			buildConfigurations = (
				659DB4541F42122400426350 /* Debug */,
				659DB4551F42122400426350 /* Release */,
			);
			defaultConfigurationIsVisible = 0;
			defaultConfigurationName = Release;
		};
		659DB4641F4212B300426350 /* Build configuration list for PBXNativeTarget "SwiftUtilityLibMacOSTests" */ = {
			isa = XCConfigurationList;
			buildConfigurations = (
				659DB4651F4212B300426350 /* Debug */,
				659DB4661F4212B300426350 /* Release */,
			);
			defaultConfigurationIsVisible = 0;
			defaultConfigurationName = Release;
		};
/* End XCConfigurationList section */
	};
	rootObject = 659DB4421F42122300426350 /* Project object */;
}
