// !$*UTF8*$!
{
	archiveVersion = 1;
	classes = {
	};
	objectVersion = 48;
	objects = {

/* Begin PBXBuildFile section */
		6585BC301F71C7AF00093A8C /* UnitTests.swift in Sources */ = {isa = PBXBuildFile; fileRef = 6585BC2F1F71C7AF00093A8C /* UnitTests.swift */; };
		6585BC321F71C7AF00093A8C /* libSwiftFeatureLibiOS.a in Frameworks */ = {isa = PBXBuildFile; fileRef = 6585BC1D1F71C78700093A8C /* libSwiftFeatureLibiOS.a */; };
		6585BC3F1F71C7D500093A8C /* AppDelegate.swift in Sources */ = {isa = PBXBuildFile; fileRef = 6585BC3E1F71C7D500093A8C /* AppDelegate.swift */; };
		6585BC411F71C7D500093A8C /* ViewController.swift in Sources */ = {isa = PBXBuildFile; fileRef = 6585BC401F71C7D500093A8C /* ViewController.swift */; };
		6585BC441F71C7D500093A8C /* Main.storyboard in Resources */ = {isa = PBXBuildFile; fileRef = 6585BC421F71C7D500093A8C /* Main.storyboard */; };
		6585BC461F71C7D500093A8C /* Assets.xcassets in Resources */ = {isa = PBXBuildFile; fileRef = 6585BC451F71C7D500093A8C /* Assets.xcassets */; };
		6585BC491F71C7D500093A8C /* LaunchScreen.storyboard in Resources */ = {isa = PBXBuildFile; fileRef = 6585BC471F71C7D500093A8C /* LaunchScreen.storyboard */; };
		6585BC551F71C7E600093A8C /* UITests.swift in Sources */ = {isa = PBXBuildFile; fileRef = 6585BC541F71C7E600093A8C /* UITests.swift */; };
		6585BC5E1F71C91000093A8C /* SwiftFeatureLibiOS.swift in Sources */ = {isa = PBXBuildFile; fileRef = 6585BC5D1F71C91000093A8C /* SwiftFeatureLibiOS.swift */; };
		6585BC6A1F71CAEC00093A8C /* Media.xcassets in Resources */ = {isa = PBXBuildFile; fileRef = 6585BC691F71CAEC00093A8C /* Media.xcassets */; };
		6585BC721F71CC5C00093A8C /* libSwiftFeatureLibiOS.a in Frameworks */ = {isa = PBXBuildFile; fileRef = 6585BC1D1F71C78700093A8C /* libSwiftFeatureLibiOS.a */; };
		6585BC731F71D09E00093A8C /* SwiftFeatureLibiOSResources.bundle in Resources */ = {isa = PBXBuildFile; fileRef = 6585BC631F71CAB000093A8C /* SwiftFeatureLibiOSResources.bundle */; };
/* End PBXBuildFile section */

/* Begin PBXContainerItemProxy section */
		6585BC331F71C7AF00093A8C /* PBXContainerItemProxy */ = {
			isa = PBXContainerItemProxy;
			containerPortal = 6585BC151F71C78700093A8C /* Project object */;
			proxyType = 1;
			remoteGlobalIDString = 6585BC1C1F71C78700093A8C;
			remoteInfo = SwiftFeatureLibiOS;
		};
		6585BC571F71C7E600093A8C /* PBXContainerItemProxy */ = {
			isa = PBXContainerItemProxy;
			containerPortal = 6585BC151F71C78700093A8C /* Project object */;
			proxyType = 1;
			remoteGlobalIDString = 6585BC3B1F71C7D500093A8C;
			remoteInfo = TestHarness;
		};
		6585BC6F1F71CC5700093A8C /* PBXContainerItemProxy */ = {
			isa = PBXContainerItemProxy;
			containerPortal = 6585BC151F71C78700093A8C /* Project object */;
			proxyType = 1;
			remoteGlobalIDString = 6585BC1C1F71C78700093A8C;
			remoteInfo = SwiftFeatureLibiOS;
		};
		6585BC741F71D22500093A8C /* PBXContainerItemProxy */ = {
			isa = PBXContainerItemProxy;
			containerPortal = 6585BC151F71C78700093A8C /* Project object */;
			proxyType = 1;
			remoteGlobalIDString = 6585BC621F71CAB000093A8C;
			remoteInfo = SwiftFeatureLibiOSResources;
		};
/* End PBXContainerItemProxy section */

/* Begin PBXCopyFilesBuildPhase section */
		6585BC1B1F71C78700093A8C /* CopyFiles */ = {
			isa = PBXCopyFilesBuildPhase;
			buildActionMask = 2147483647;
			dstPath = "include/$(PRODUCT_NAME)";
			dstSubfolderSpec = 16;
			files = (
			);
			runOnlyForDeploymentPostprocessing = 0;
		};
/* End PBXCopyFilesBuildPhase section */

/* Begin PBXFileReference section */
		6585BC1D1F71C78700093A8C /* libSwiftFeatureLibiOS.a */ = {isa = PBXFileReference; explicitFileType = archive.ar; includeInIndex = 0; path = libSwiftFeatureLibiOS.a; sourceTree = BUILT_PRODUCTS_DIR; };
		6585BC2D1F71C7AF00093A8C /* UnitTests.xctest */ = {isa = PBXFileReference; explicitFileType = wrapper.cfbundle; includeInIndex = 0; path = UnitTests.xctest; sourceTree = BUILT_PRODUCTS_DIR; };
		6585BC2F1F71C7AF00093A8C /* UnitTests.swift */ = {isa = PBXFileReference; lastKnownFileType = sourcecode.swift; path = UnitTests.swift; sourceTree = "<group>"; };
		6585BC311F71C7AF00093A8C /* Info.plist */ = {isa = PBXFileReference; lastKnownFileType = text.plist.xml; path = Info.plist; sourceTree = "<group>"; };
		6585BC3C1F71C7D500093A8C /* TestHarness.app */ = {isa = PBXFileReference; explicitFileType = wrapper.application; includeInIndex = 0; path = TestHarness.app; sourceTree = BUILT_PRODUCTS_DIR; };
		6585BC3E1F71C7D500093A8C /* AppDelegate.swift */ = {isa = PBXFileReference; lastKnownFileType = sourcecode.swift; path = AppDelegate.swift; sourceTree = "<group>"; };
		6585BC401F71C7D500093A8C /* ViewController.swift */ = {isa = PBXFileReference; lastKnownFileType = sourcecode.swift; path = ViewController.swift; sourceTree = "<group>"; };
		6585BC431F71C7D500093A8C /* Base */ = {isa = PBXFileReference; lastKnownFileType = file.storyboard; name = Base; path = Base.lproj/Main.storyboard; sourceTree = "<group>"; };
		6585BC451F71C7D500093A8C /* Assets.xcassets */ = {isa = PBXFileReference; lastKnownFileType = folder.assetcatalog; path = Assets.xcassets; sourceTree = "<group>"; };
		6585BC481F71C7D500093A8C /* Base */ = {isa = PBXFileReference; lastKnownFileType = file.storyboard; name = Base; path = Base.lproj/LaunchScreen.storyboard; sourceTree = "<group>"; };
		6585BC4A1F71C7D500093A8C /* Info.plist */ = {isa = PBXFileReference; lastKnownFileType = text.plist.xml; path = Info.plist; sourceTree = "<group>"; };
		6585BC521F71C7E600093A8C /* UITests.xctest */ = {isa = PBXFileReference; explicitFileType = wrapper.cfbundle; includeInIndex = 0; path = UITests.xctest; sourceTree = BUILT_PRODUCTS_DIR; };
		6585BC541F71C7E600093A8C /* UITests.swift */ = {isa = PBXFileReference; lastKnownFileType = sourcecode.swift; path = UITests.swift; sourceTree = "<group>"; };
		6585BC561F71C7E600093A8C /* Info.plist */ = {isa = PBXFileReference; lastKnownFileType = text.plist.xml; path = Info.plist; sourceTree = "<group>"; };
		6585BC5C1F71C91000093A8C /* SwiftFeatureLibiOS-Bridging-Header.h */ = {isa = PBXFileReference; lastKnownFileType = sourcecode.c.h; path = "SwiftFeatureLibiOS-Bridging-Header.h"; sourceTree = "<group>"; };
		6585BC5D1F71C91000093A8C /* SwiftFeatureLibiOS.swift */ = {isa = PBXFileReference; lastKnownFileType = sourcecode.swift; path = SwiftFeatureLibiOS.swift; sourceTree = "<group>"; };
		6585BC631F71CAB000093A8C /* SwiftFeatureLibiOSResources.bundle */ = {isa = PBXFileReference; explicitFileType = wrapper.cfbundle; includeInIndex = 0; path = SwiftFeatureLibiOSResources.bundle; sourceTree = BUILT_PRODUCTS_DIR; };
		6585BC651F71CAB000093A8C /* Info.plist */ = {isa = PBXFileReference; lastKnownFileType = text.plist.xml; path = Info.plist; sourceTree = "<group>"; };
		6585BC691F71CAEC00093A8C /* Media.xcassets */ = {isa = PBXFileReference; lastKnownFileType = folder.assetcatalog; path = Media.xcassets; sourceTree = "<group>"; };
/* End PBXFileReference section */

/* Begin PBXFrameworksBuildPhase section */
		6585BC1A1F71C78700093A8C /* Frameworks */ = {
			isa = PBXFrameworksBuildPhase;
			buildActionMask = 2147483647;
			files = (
			);
			runOnlyForDeploymentPostprocessing = 0;
		};
		6585BC2A1F71C7AF00093A8C /* Frameworks */ = {
			isa = PBXFrameworksBuildPhase;
			buildActionMask = 2147483647;
			files = (
				6585BC321F71C7AF00093A8C /* libSwiftFeatureLibiOS.a in Frameworks */,
			);
			runOnlyForDeploymentPostprocessing = 0;
		};
		6585BC391F71C7D500093A8C /* Frameworks */ = {
			isa = PBXFrameworksBuildPhase;
			buildActionMask = 2147483647;
			files = (
				6585BC721F71CC5C00093A8C /* libSwiftFeatureLibiOS.a in Frameworks */,
			);
			runOnlyForDeploymentPostprocessing = 0;
		};
		6585BC4F1F71C7E600093A8C /* Frameworks */ = {
			isa = PBXFrameworksBuildPhase;
			buildActionMask = 2147483647;
			files = (
			);
			runOnlyForDeploymentPostprocessing = 0;
		};
		6585BC601F71CAB000093A8C /* Frameworks */ = {
			isa = PBXFrameworksBuildPhase;
			buildActionMask = 2147483647;
			files = (
			);
			runOnlyForDeploymentPostprocessing = 0;
		};
/* End PBXFrameworksBuildPhase section */

/* Begin PBXGroup section */
		6585BC141F71C78700093A8C = {
			isa = PBXGroup;
			children = (
				6585BC1F1F71C78700093A8C /* SwiftFeatureLibiOS */,
				6585BC641F71CAB000093A8C /* SwiftFeatureLibiOSResources */,
				6585BC2E1F71C7AF00093A8C /* UnitTests */,
				6585BC3D1F71C7D500093A8C /* TestHarness */,
				6585BC531F71C7E600093A8C /* UITests */,
				6585BC1E1F71C78700093A8C /* Products */,
				6585BC711F71CC5C00093A8C /* Frameworks */,
			);
			sourceTree = "<group>";
		};
		6585BC1E1F71C78700093A8C /* Products */ = {
			isa = PBXGroup;
			children = (
				6585BC1D1F71C78700093A8C /* libSwiftFeatureLibiOS.a */,
				6585BC2D1F71C7AF00093A8C /* UnitTests.xctest */,
				6585BC3C1F71C7D500093A8C /* TestHarness.app */,
				6585BC521F71C7E600093A8C /* UITests.xctest */,
				6585BC631F71CAB000093A8C /* SwiftFeatureLibiOSResources.bundle */,
			);
			name = Products;
			sourceTree = "<group>";
		};
		6585BC1F1F71C78700093A8C /* SwiftFeatureLibiOS */ = {
			isa = PBXGroup;
			children = (
				6585BC5D1F71C91000093A8C /* SwiftFeatureLibiOS.swift */,
				6585BC5C1F71C91000093A8C /* SwiftFeatureLibiOS-Bridging-Header.h */,
			);
			path = SwiftFeatureLibiOS;
			sourceTree = "<group>";
		};
		6585BC2E1F71C7AF00093A8C /* UnitTests */ = {
			isa = PBXGroup;
			children = (
				6585BC2F1F71C7AF00093A8C /* UnitTests.swift */,
				6585BC311F71C7AF00093A8C /* Info.plist */,
			);
			path = UnitTests;
			sourceTree = "<group>";
		};
		6585BC3D1F71C7D500093A8C /* TestHarness */ = {
			isa = PBXGroup;
			children = (
				6585BC3E1F71C7D500093A8C /* AppDelegate.swift */,
				6585BC401F71C7D500093A8C /* ViewController.swift */,
				6585BC421F71C7D500093A8C /* Main.storyboard */,
				6585BC451F71C7D500093A8C /* Assets.xcassets */,
				6585BC471F71C7D500093A8C /* LaunchScreen.storyboard */,
				6585BC4A1F71C7D500093A8C /* Info.plist */,
			);
			path = TestHarness;
			sourceTree = "<group>";
		};
		6585BC531F71C7E600093A8C /* UITests */ = {
			isa = PBXGroup;
			children = (
				6585BC541F71C7E600093A8C /* UITests.swift */,
				6585BC561F71C7E600093A8C /* Info.plist */,
			);
			path = UITests;
			sourceTree = "<group>";
		};
		6585BC641F71CAB000093A8C /* SwiftFeatureLibiOSResources */ = {
			isa = PBXGroup;
			children = (
				6585BC651F71CAB000093A8C /* Info.plist */,
				6585BC691F71CAEC00093A8C /* Media.xcassets */,
			);
			path = SwiftFeatureLibiOSResources;
			sourceTree = "<group>";
		};
		6585BC711F71CC5C00093A8C /* Frameworks */ = {
			isa = PBXGroup;
			children = (
			);
			name = Frameworks;
			sourceTree = "<group>";
		};
/* End PBXGroup section */

/* Begin PBXNativeTarget section */
		6585BC1C1F71C78700093A8C /* SwiftFeatureLibiOS */ = {
			isa = PBXNativeTarget;
			buildConfigurationList = 6585BC261F71C78700093A8C /* Build configuration list for PBXNativeTarget "SwiftFeatureLibiOS" */;
			buildPhases = (
				6585BC191F71C78700093A8C /* Sources */,
				6585BC1A1F71C78700093A8C /* Frameworks */,
				6585BC1B1F71C78700093A8C /* CopyFiles */,
			);
			buildRules = (
			);
			dependencies = (
			);
			name = SwiftFeatureLibiOS;
			productName = SwiftFeatureLibiOS;
			productReference = 6585BC1D1F71C78700093A8C /* libSwiftFeatureLibiOS.a */;
			productType = "com.apple.product-type.library.static";
		};
		6585BC2C1F71C7AF00093A8C /* UnitTests */ = {
			isa = PBXNativeTarget;
			buildConfigurationList = 6585BC351F71C7AF00093A8C /* Build configuration list for PBXNativeTarget "UnitTests" */;
			buildPhases = (
				6585BC291F71C7AF00093A8C /* Sources */,
				6585BC2A1F71C7AF00093A8C /* Frameworks */,
				6585BC2B1F71C7AF00093A8C /* Resources */,
			);
			buildRules = (
			);
			dependencies = (
				6585BC341F71C7AF00093A8C /* PBXTargetDependency */,
			);
			name = UnitTests;
			productName = UnitTests;
			productReference = 6585BC2D1F71C7AF00093A8C /* UnitTests.xctest */;
			productType = "com.apple.product-type.bundle.unit-test";
		};
		6585BC3B1F71C7D500093A8C /* TestHarness */ = {
			isa = PBXNativeTarget;
			buildConfigurationList = 6585BC4B1F71C7D500093A8C /* Build configuration list for PBXNativeTarget "TestHarness" */;
			buildPhases = (
				6585BC381F71C7D500093A8C /* Sources */,
				6585BC391F71C7D500093A8C /* Frameworks */,
				6585BC3A1F71C7D500093A8C /* Resources */,
			);
			buildRules = (
			);
			dependencies = (
				6585BC751F71D22500093A8C /* PBXTargetDependency */,
				6585BC701F71CC5700093A8C /* PBXTargetDependency */,
			);
			name = TestHarness;
			productName = TestHarness;
			productReference = 6585BC3C1F71C7D500093A8C /* TestHarness.app */;
			productType = "com.apple.product-type.application";
		};
		6585BC511F71C7E600093A8C /* UITests */ = {
			isa = PBXNativeTarget;
			buildConfigurationList = 6585BC591F71C7E600093A8C /* Build configuration list for PBXNativeTarget "UITests" */;
			buildPhases = (
				6585BC4E1F71C7E600093A8C /* Sources */,
				6585BC4F1F71C7E600093A8C /* Frameworks */,
				6585BC501F71C7E600093A8C /* Resources */,
			);
			buildRules = (
			);
			dependencies = (
				6585BC581F71C7E600093A8C /* PBXTargetDependency */,
			);
			name = UITests;
			productName = UITests;
			productReference = 6585BC521F71C7E600093A8C /* UITests.xctest */;
			productType = "com.apple.product-type.bundle.ui-testing";
		};
		6585BC621F71CAB000093A8C /* SwiftFeatureLibiOSResources */ = {
			isa = PBXNativeTarget;
			buildConfigurationList = 6585BC661F71CAB000093A8C /* Build configuration list for PBXNativeTarget "SwiftFeatureLibiOSResources" */;
			buildPhases = (
				6585BC5F1F71CAB000093A8C /* Sources */,
				6585BC601F71CAB000093A8C /* Frameworks */,
				6585BC611F71CAB000093A8C /* Resources */,
			);
			buildRules = (
			);
			dependencies = (
			);
			name = SwiftFeatureLibiOSResources;
			productName = SwiftFeatureLibiOSResources;
			productReference = 6585BC631F71CAB000093A8C /* SwiftFeatureLibiOSResources.bundle */;
			productType = "com.apple.product-type.bundle";
		};
/* End PBXNativeTarget section */

/* Begin PBXProject section */
		6585BC151F71C78700093A8C /* Project object */ = {
			isa = PBXProject;
			attributes = {
				LastSwiftUpdateCheck = 0900;
				LastUpgradeCheck = 0900;
				ORGANIZATIONNAME = __TemplateOrgName__;
				TargetAttributes = {
					6585BC1C1F71C78700093A8C = {
						CreatedOnToolsVersion = 9.0;
						LastSwiftMigration = 0900;
						ProvisioningStyle = Automatic;
					};
					6585BC2C1F71C7AF00093A8C = {
						CreatedOnToolsVersion = 9.0;
						ProvisioningStyle = Automatic;
					};
					6585BC3B1F71C7D500093A8C = {
						CreatedOnToolsVersion = 9.0;
						ProvisioningStyle = Automatic;
					};
					6585BC511F71C7E600093A8C = {
						CreatedOnToolsVersion = 9.0;
						ProvisioningStyle = Automatic;
						TestTargetID = 6585BC3B1F71C7D500093A8C;
					};
					6585BC621F71CAB000093A8C = {
						CreatedOnToolsVersion = 9.0;
						ProvisioningStyle = Automatic;
					};
				};
			};
			buildConfigurationList = 6585BC181F71C78700093A8C /* Build configuration list for PBXProject "SwiftFeatureLibiOS" */;
			compatibilityVersion = "Xcode 8.0";
			developmentRegion = en;
			hasScannedForEncodings = 0;
			knownRegions = (
				en,
				Base,
			);
			mainGroup = 6585BC141F71C78700093A8C;
			productRefGroup = 6585BC1E1F71C78700093A8C /* Products */;
			projectDirPath = "";
			projectRoot = "";
			targets = (
				6585BC1C1F71C78700093A8C /* SwiftFeatureLibiOS */,
				6585BC621F71CAB000093A8C /* SwiftFeatureLibiOSResources */,
				6585BC2C1F71C7AF00093A8C /* UnitTests */,
				6585BC3B1F71C7D500093A8C /* TestHarness */,
				6585BC511F71C7E600093A8C /* UITests */,
			);
		};
/* End PBXProject section */

/* Begin PBXResourcesBuildPhase section */
		6585BC2B1F71C7AF00093A8C /* Resources */ = {
			isa = PBXResourcesBuildPhase;
			buildActionMask = 2147483647;
			files = (
			);
			runOnlyForDeploymentPostprocessing = 0;
		};
		6585BC3A1F71C7D500093A8C /* Resources */ = {
			isa = PBXResourcesBuildPhase;
			buildActionMask = 2147483647;
			files = (
				6585BC731F71D09E00093A8C /* SwiftFeatureLibiOSResources.bundle in Resources */,
				6585BC491F71C7D500093A8C /* LaunchScreen.storyboard in Resources */,
				6585BC461F71C7D500093A8C /* Assets.xcassets in Resources */,
				6585BC441F71C7D500093A8C /* Main.storyboard in Resources */,
			);
			runOnlyForDeploymentPostprocessing = 0;
		};
		6585BC501F71C7E600093A8C /* Resources */ = {
			isa = PBXResourcesBuildPhase;
			buildActionMask = 2147483647;
			files = (
			);
			runOnlyForDeploymentPostprocessing = 0;
		};
		6585BC611F71CAB000093A8C /* Resources */ = {
			isa = PBXResourcesBuildPhase;
			buildActionMask = 2147483647;
			files = (
				6585BC6A1F71CAEC00093A8C /* Media.xcassets in Resources */,
			);
			runOnlyForDeploymentPostprocessing = 0;
		};
/* End PBXResourcesBuildPhase section */

/* Begin PBXSourcesBuildPhase section */
		6585BC191F71C78700093A8C /* Sources */ = {
			isa = PBXSourcesBuildPhase;
			buildActionMask = 2147483647;
			files = (
				6585BC5E1F71C91000093A8C /* SwiftFeatureLibiOS.swift in Sources */,
			);
			runOnlyForDeploymentPostprocessing = 0;
		};
		6585BC291F71C7AF00093A8C /* Sources */ = {
			isa = PBXSourcesBuildPhase;
			buildActionMask = 2147483647;
			files = (
				6585BC301F71C7AF00093A8C /* UnitTests.swift in Sources */,
			);
			runOnlyForDeploymentPostprocessing = 0;
		};
		6585BC381F71C7D500093A8C /* Sources */ = {
			isa = PBXSourcesBuildPhase;
			buildActionMask = 2147483647;
			files = (
				6585BC411F71C7D500093A8C /* ViewController.swift in Sources */,
				6585BC3F1F71C7D500093A8C /* AppDelegate.swift in Sources */,
			);
			runOnlyForDeploymentPostprocessing = 0;
		};
		6585BC4E1F71C7E600093A8C /* Sources */ = {
			isa = PBXSourcesBuildPhase;
			buildActionMask = 2147483647;
			files = (
				6585BC551F71C7E600093A8C /* UITests.swift in Sources */,
			);
			runOnlyForDeploymentPostprocessing = 0;
		};
		6585BC5F1F71CAB000093A8C /* Sources */ = {
			isa = PBXSourcesBuildPhase;
			buildActionMask = 2147483647;
			files = (
			);
			runOnlyForDeploymentPostprocessing = 0;
		};
/* End PBXSourcesBuildPhase section */

/* Begin PBXTargetDependency section */
		6585BC341F71C7AF00093A8C /* PBXTargetDependency */ = {
			isa = PBXTargetDependency;
			target = 6585BC1C1F71C78700093A8C /* SwiftFeatureLibiOS */;
			targetProxy = 6585BC331F71C7AF00093A8C /* PBXContainerItemProxy */;
		};
		6585BC581F71C7E600093A8C /* PBXTargetDependency */ = {
			isa = PBXTargetDependency;
			target = 6585BC3B1F71C7D500093A8C /* TestHarness */;
			targetProxy = 6585BC571F71C7E600093A8C /* PBXContainerItemProxy */;
		};
		6585BC701F71CC5700093A8C /* PBXTargetDependency */ = {
			isa = PBXTargetDependency;
			target = 6585BC1C1F71C78700093A8C /* SwiftFeatureLibiOS */;
			targetProxy = 6585BC6F1F71CC5700093A8C /* PBXContainerItemProxy */;
		};
		6585BC751F71D22500093A8C /* PBXTargetDependency */ = {
			isa = PBXTargetDependency;
			target = 6585BC621F71CAB000093A8C /* SwiftFeatureLibiOSResources */;
			targetProxy = 6585BC741F71D22500093A8C /* PBXContainerItemProxy */;
		};
/* End PBXTargetDependency section */

/* Begin PBXVariantGroup section */
		6585BC421F71C7D500093A8C /* Main.storyboard */ = {
			isa = PBXVariantGroup;
			children = (
				6585BC431F71C7D500093A8C /* Base */,
			);
			name = Main.storyboard;
			sourceTree = "<group>";
		};
		6585BC471F71C7D500093A8C /* LaunchScreen.storyboard */ = {
			isa = PBXVariantGroup;
			children = (
				6585BC481F71C7D500093A8C /* Base */,
			);
			name = LaunchScreen.storyboard;
			sourceTree = "<group>";
		};
/* End PBXVariantGroup section */

/* Begin XCBuildConfiguration section */
		6585BC241F71C78700093A8C /* Debug */ = {
			isa = XCBuildConfiguration;
			buildSettings = {
				ALWAYS_SEARCH_USER_PATHS = NO;
				CLANG_ANALYZER_NONNULL = YES;
				CLANG_ANALYZER_NUMBER_OBJECT_CONVERSION = YES_AGGRESSIVE;
				CLANG_CXX_LANGUAGE_STANDARD = "gnu++14";
				CLANG_CXX_LIBRARY = "libc++";
				CLANG_ENABLE_MODULES = YES;
				CLANG_ENABLE_OBJC_ARC = YES;
				CLANG_WARN_BLOCK_CAPTURE_AUTORELEASING = YES;
				CLANG_WARN_BOOL_CONVERSION = YES;
				CLANG_WARN_COMMA = YES;
				CLANG_WARN_CONSTANT_CONVERSION = YES;
				CLANG_WARN_DIRECT_OBJC_ISA_USAGE = YES_ERROR;
				CLANG_WARN_DOCUMENTATION_COMMENTS = YES;
				CLANG_WARN_EMPTY_BODY = YES;
				CLANG_WARN_ENUM_CONVERSION = YES;
				CLANG_WARN_INFINITE_RECURSION = YES;
				CLANG_WARN_INT_CONVERSION = YES;
				CLANG_WARN_NON_LITERAL_NULL_CONVERSION = YES;
				CLANG_WARN_OBJC_LITERAL_CONVERSION = YES;
				CLANG_WARN_OBJC_ROOT_CLASS = YES_ERROR;
				CLANG_WARN_RANGE_LOOP_ANALYSIS = YES;
				CLANG_WARN_STRICT_PROTOTYPES = YES;
				CLANG_WARN_SUSPICIOUS_MOVE = YES;
				CLANG_WARN_UNGUARDED_AVAILABILITY = YES_AGGRESSIVE;
				CLANG_WARN_UNREACHABLE_CODE = YES;
				CLANG_WARN__DUPLICATE_METHOD_MATCH = YES;
				CODE_SIGN_IDENTITY = "iPhone Developer";
				COPY_PHASE_STRIP = NO;
				DEBUG_INFORMATION_FORMAT = dwarf;
				ENABLE_STRICT_OBJC_MSGSEND = YES;
				ENABLE_TESTABILITY = YES;
				GCC_C_LANGUAGE_STANDARD = gnu11;
				GCC_DYNAMIC_NO_PIC = NO;
				GCC_NO_COMMON_BLOCKS = YES;
				GCC_OPTIMIZATION_LEVEL = 0;
				GCC_PREPROCESSOR_DEFINITIONS = (
					"DEBUG=1",
					"$(inherited)",
				);
				GCC_WARN_64_TO_32_BIT_CONVERSION = YES;
				GCC_WARN_ABOUT_RETURN_TYPE = YES_ERROR;
				GCC_WARN_UNDECLARED_SELECTOR = YES;
				GCC_WARN_UNINITIALIZED_AUTOS = YES_AGGRESSIVE;
				GCC_WARN_UNUSED_FUNCTION = YES;
				GCC_WARN_UNUSED_VARIABLE = YES;
				IPHONEOS_DEPLOYMENT_TARGET = 11.0;
				MTL_ENABLE_DEBUG_INFO = YES;
				ONLY_ACTIVE_ARCH = YES;
				SDKROOT = iphoneos;
			};
			name = Debug;
		};
		6585BC251F71C78700093A8C /* Release */ = {
			isa = XCBuildConfiguration;
			buildSettings = {
				ALWAYS_SEARCH_USER_PATHS = NO;
				CLANG_ANALYZER_NONNULL = YES;
				CLANG_ANALYZER_NUMBER_OBJECT_CONVERSION = YES_AGGRESSIVE;
				CLANG_CXX_LANGUAGE_STANDARD = "gnu++14";
				CLANG_CXX_LIBRARY = "libc++";
				CLANG_ENABLE_MODULES = YES;
				CLANG_ENABLE_OBJC_ARC = YES;
				CLANG_WARN_BLOCK_CAPTURE_AUTORELEASING = YES;
				CLANG_WARN_BOOL_CONVERSION = YES;
				CLANG_WARN_COMMA = YES;
				CLANG_WARN_CONSTANT_CONVERSION = YES;
				CLANG_WARN_DIRECT_OBJC_ISA_USAGE = YES_ERROR;
				CLANG_WARN_DOCUMENTATION_COMMENTS = YES;
				CLANG_WARN_EMPTY_BODY = YES;
				CLANG_WARN_ENUM_CONVERSION = YES;
				CLANG_WARN_INFINITE_RECURSION = YES;
				CLANG_WARN_INT_CONVERSION = YES;
				CLANG_WARN_NON_LITERAL_NULL_CONVERSION = YES;
				CLANG_WARN_OBJC_LITERAL_CONVERSION = YES;
				CLANG_WARN_OBJC_ROOT_CLASS = YES_ERROR;
				CLANG_WARN_RANGE_LOOP_ANALYSIS = YES;
				CLANG_WARN_STRICT_PROTOTYPES = YES;
				CLANG_WARN_SUSPICIOUS_MOVE = YES;
				CLANG_WARN_UNGUARDED_AVAILABILITY = YES_AGGRESSIVE;
				CLANG_WARN_UNREACHABLE_CODE = YES;
				CLANG_WARN__DUPLICATE_METHOD_MATCH = YES;
				CODE_SIGN_IDENTITY = "iPhone Developer";
				COPY_PHASE_STRIP = NO;
				DEBUG_INFORMATION_FORMAT = "dwarf-with-dsym";
				ENABLE_NS_ASSERTIONS = NO;
				ENABLE_STRICT_OBJC_MSGSEND = YES;
				GCC_C_LANGUAGE_STANDARD = gnu11;
				GCC_NO_COMMON_BLOCKS = YES;
				GCC_WARN_64_TO_32_BIT_CONVERSION = YES;
				GCC_WARN_ABOUT_RETURN_TYPE = YES_ERROR;
				GCC_WARN_UNDECLARED_SELECTOR = YES;
				GCC_WARN_UNINITIALIZED_AUTOS = YES_AGGRESSIVE;
				GCC_WARN_UNUSED_FUNCTION = YES;
				GCC_WARN_UNUSED_VARIABLE = YES;
				IPHONEOS_DEPLOYMENT_TARGET = 11.0;
				MTL_ENABLE_DEBUG_INFO = NO;
				SDKROOT = iphoneos;
				VALIDATE_PRODUCT = YES;
			};
			name = Release;
		};
		6585BC271F71C78700093A8C /* Debug */ = {
			isa = XCBuildConfiguration;
			buildSettings = {
				CLANG_ENABLE_MODULES = YES;
				CODE_SIGN_STYLE = Automatic;
				LD_RUNPATH_SEARCH_PATHS = "$(inherited) @executable_path/Frameworks @loader_path/Frameworks";
				OTHER_LDFLAGS = "-ObjC";
				PRODUCT_NAME = "$(TARGET_NAME)";
				SKIP_INSTALL = YES;
				SWIFT_OBJC_BRIDGING_HEADER = "SwiftFeatureLibiOS/SwiftFeatureLibiOS-Bridging-Header.h";
				SWIFT_OPTIMIZATION_LEVEL = "-Onone";
				SWIFT_VERSION = 3.0;
				TARGETED_DEVICE_FAMILY = "1,2";
			};
			name = Debug;
		};
		6585BC281F71C78700093A8C /* Release */ = {
			isa = XCBuildConfiguration;
			buildSettings = {
				CLANG_ENABLE_MODULES = YES;
				CODE_SIGN_STYLE = Automatic;
				LD_RUNPATH_SEARCH_PATHS = "$(inherited) @executable_path/Frameworks @loader_path/Frameworks";
				OTHER_LDFLAGS = "-ObjC";
				PRODUCT_NAME = "$(TARGET_NAME)";
				SKIP_INSTALL = YES;
				SWIFT_OBJC_BRIDGING_HEADER = "SwiftFeatureLibiOS/SwiftFeatureLibiOS-Bridging-Header.h";
				SWIFT_VERSION = 3.0;
				TARGETED_DEVICE_FAMILY = "1,2";
			};
			name = Release;
		};
		6585BC361F71C7AF00093A8C /* Debug */ = {
			isa = XCBuildConfiguration;
			buildSettings = {
				ALWAYS_EMBED_SWIFT_STANDARD_LIBRARIES = YES;
				CODE_SIGN_STYLE = Automatic;
				INFOPLIST_FILE = UnitTests/Info.plist;
				LD_RUNPATH_SEARCH_PATHS = "$(inherited) @executable_path/Frameworks @loader_path/Frameworks";
				PRODUCT_BUNDLE_IDENTIFIER = "--templateorgname--.UnitTests";
				PRODUCT_NAME = "$(TARGET_NAME)";
				SWIFT_ACTIVE_COMPILATION_CONDITIONS = DEBUG;
				SWIFT_OPTIMIZATION_LEVEL = "-Onone";
				SWIFT_VERSION = 4.0;
				TARGETED_DEVICE_FAMILY = "1,2";
			};
			name = Debug;
		};
		6585BC371F71C7AF00093A8C /* Release */ = {
			isa = XCBuildConfiguration;
			buildSettings = {
				ALWAYS_EMBED_SWIFT_STANDARD_LIBRARIES = YES;
				CODE_SIGN_STYLE = Automatic;
				INFOPLIST_FILE = UnitTests/Info.plist;
				LD_RUNPATH_SEARCH_PATHS = "$(inherited) @executable_path/Frameworks @loader_path/Frameworks";
				PRODUCT_BUNDLE_IDENTIFIER = "--templateorgname--.UnitTests";
				PRODUCT_NAME = "$(TARGET_NAME)";
				SWIFT_OPTIMIZATION_LEVEL = "-Owholemodule";
				SWIFT_VERSION = 4.0;
				TARGETED_DEVICE_FAMILY = "1,2";
			};
			name = Release;
		};
		6585BC4C1F71C7D500093A8C /* Debug */ = {
			isa = XCBuildConfiguration;
			buildSettings = {
				ASSETCATALOG_COMPILER_APPICON_NAME = AppIcon;
				CODE_SIGN_STYLE = Automatic;
				INFOPLIST_FILE = TestHarness/Info.plist;
				LD_RUNPATH_SEARCH_PATHS = "$(inherited) @executable_path/Frameworks";
				PRODUCT_BUNDLE_IDENTIFIER = "--templateorgname--.TestHarness";
				PRODUCT_NAME = "$(TARGET_NAME)";
				SWIFT_ACTIVE_COMPILATION_CONDITIONS = DEBUG;
				SWIFT_OPTIMIZATION_LEVEL = "-Onone";
				SWIFT_VERSION = 4.0;
				TARGETED_DEVICE_FAMILY = "1,2";
			};
			name = Debug;
		};
		6585BC4D1F71C7D500093A8C /* Release */ = {
			isa = XCBuildConfiguration;
			buildSettings = {
				ASSETCATALOG_COMPILER_APPICON_NAME = AppIcon;
				CODE_SIGN_STYLE = Automatic;
				INFOPLIST_FILE = TestHarness/Info.plist;
				LD_RUNPATH_SEARCH_PATHS = "$(inherited) @executable_path/Frameworks";
				PRODUCT_BUNDLE_IDENTIFIER = "--templateorgname--.TestHarness";
				PRODUCT_NAME = "$(TARGET_NAME)";
				SWIFT_OPTIMIZATION_LEVEL = "-Owholemodule";
				SWIFT_VERSION = 4.0;
				TARGETED_DEVICE_FAMILY = "1,2";
			};
			name = Release;
		};
		6585BC5A1F71C7E600093A8C /* Debug */ = {
			isa = XCBuildConfiguration;
			buildSettings = {
				CODE_SIGN_STYLE = Automatic;
				INFOPLIST_FILE = UITests/Info.plist;
				LD_RUNPATH_SEARCH_PATHS = "$(inherited) @executable_path/Frameworks @loader_path/Frameworks";
				PRODUCT_BUNDLE_IDENTIFIER = "--templateorgname--.UITests";
				PRODUCT_NAME = "$(TARGET_NAME)";
				SWIFT_ACTIVE_COMPILATION_CONDITIONS = DEBUG;
				SWIFT_OPTIMIZATION_LEVEL = "-Onone";
				SWIFT_VERSION = 4.0;
				TARGETED_DEVICE_FAMILY = "1,2";
				TEST_TARGET_NAME = TestHarness;
			};
			name = Debug;
		};
		6585BC5B1F71C7E600093A8C /* Release */ = {
			isa = XCBuildConfiguration;
			buildSettings = {
				CODE_SIGN_STYLE = Automatic;
				INFOPLIST_FILE = UITests/Info.plist;
				LD_RUNPATH_SEARCH_PATHS = "$(inherited) @executable_path/Frameworks @loader_path/Frameworks";
				PRODUCT_BUNDLE_IDENTIFIER = "--templateorgname--.UITests";
				PRODUCT_NAME = "$(TARGET_NAME)";
				SWIFT_OPTIMIZATION_LEVEL = "-Owholemodule";
				SWIFT_VERSION = 4.0;
				TARGETED_DEVICE_FAMILY = "1,2";
				TEST_TARGET_NAME = TestHarness;
			};
			name = Release;
		};
		6585BC671F71CAB000093A8C /* Debug */ = {
			isa = XCBuildConfiguration;
			buildSettings = {
				CODE_SIGN_IDENTITY = "iPhone Developer";
				CODE_SIGN_STYLE = Automatic;
				COMBINE_HIDPI_IMAGES = YES;
				INFOPLIST_FILE = SwiftFeatureLibiOSResources/Info.plist;
				INSTALL_PATH = "$(LOCAL_LIBRARY_DIR)/Bundles";
				MACOSX_DEPLOYMENT_TARGET = 10.12;
				PRODUCT_BUNDLE_IDENTIFIER = "--templateorgname--.SwiftFeatureLibiOSResources";
				PRODUCT_NAME = "$(TARGET_NAME)";
				SDKROOT = iphoneos;
				SKIP_INSTALL = YES;
				WRAPPER_EXTENSION = bundle;
			};
			name = Debug;
		};
		6585BC681F71CAB000093A8C /* Release */ = {
			isa = XCBuildConfiguration;
			buildSettings = {
				CODE_SIGN_IDENTITY = "iPhone Developer";
				CODE_SIGN_STYLE = Automatic;
				COMBINE_HIDPI_IMAGES = YES;
				INFOPLIST_FILE = SwiftFeatureLibiOSResources/Info.plist;
				INSTALL_PATH = "$(LOCAL_LIBRARY_DIR)/Bundles";
				MACOSX_DEPLOYMENT_TARGET = 10.12;
				PRODUCT_BUNDLE_IDENTIFIER = "--templateorgname--.SwiftFeatureLibiOSResources";
				PRODUCT_NAME = "$(TARGET_NAME)";
				SDKROOT = iphoneos;
				SKIP_INSTALL = YES;
				WRAPPER_EXTENSION = bundle;
			};
			name = Release;
		};
/* End XCBuildConfiguration section */

/* Begin XCConfigurationList section */
		6585BC181F71C78700093A8C /* Build configuration list for PBXProject "SwiftFeatureLibiOS" */ = {
			isa = XCConfigurationList;
			buildConfigurations = (
				6585BC241F71C78700093A8C /* Debug */,
				6585BC251F71C78700093A8C /* Release */,
			);
			defaultConfigurationIsVisible = 0;
			defaultConfigurationName = Release;
		};
		6585BC261F71C78700093A8C /* Build configuration list for PBXNativeTarget "SwiftFeatureLibiOS" */ = {
			isa = XCConfigurationList;
			buildConfigurations = (
				6585BC271F71C78700093A8C /* Debug */,
				6585BC281F71C78700093A8C /* Release */,
			);
			defaultConfigurationIsVisible = 0;
			defaultConfigurationName = Release;
		};
		6585BC351F71C7AF00093A8C /* Build configuration list for PBXNativeTarget "UnitTests" */ = {
			isa = XCConfigurationList;
			buildConfigurations = (
				6585BC361F71C7AF00093A8C /* Debug */,
				6585BC371F71C7AF00093A8C /* Release */,
			);
			defaultConfigurationIsVisible = 0;
			defaultConfigurationName = Release;
		};
		6585BC4B1F71C7D500093A8C /* Build configuration list for PBXNativeTarget "TestHarness" */ = {
			isa = XCConfigurationList;
			buildConfigurations = (
				6585BC4C1F71C7D500093A8C /* Debug */,
				6585BC4D1F71C7D500093A8C /* Release */,
			);
			defaultConfigurationIsVisible = 0;
			defaultConfigurationName = Release;
		};
		6585BC591F71C7E600093A8C /* Build configuration list for PBXNativeTarget "UITests" */ = {
			isa = XCConfigurationList;
			buildConfigurations = (
				6585BC5A1F71C7E600093A8C /* Debug */,
				6585BC5B1F71C7E600093A8C /* Release */,
			);
			defaultConfigurationIsVisible = 0;
			defaultConfigurationName = Release;
		};
		6585BC661F71CAB000093A8C /* Build configuration list for PBXNativeTarget "SwiftFeatureLibiOSResources" */ = {
			isa = XCConfigurationList;
			buildConfigurations = (
				6585BC671F71CAB000093A8C /* Debug */,
				6585BC681F71CAB000093A8C /* Release */,
			);
			defaultConfigurationIsVisible = 0;
			defaultConfigurationName = Release;
		};
/* End XCConfigurationList section */
	};
	rootObject = 6585BC151F71C78700093A8C /* Project object */;
}
